
Microsoft Visual Studio Solution File, Format Version 12.00
# Visual Studio 14
VisualStudioVersion = 14.0.24720.0
MinimumVisualStudioVersion = 10.0.40219.1
Project("{2150E333-8FDC-42A3-9474-1A3956D46DE8}") = "Executables", "Executables", "{3936AC97-5FF4-46B1-95ED-E65C2DD5FCCE}"
EndProject
Project("{FAE04EC0-301F-11D3-BF4B-00C04F79EFBC}") = "Sparkline.Web.UI", "Sparkline.Web.UI\Sparkline.Web.UI.csproj", "{21EAE4A6-F2AD-40A0-A69F-4FCDDC093499}"
EndProject
Global
	GlobalSection(SolutionConfigurationPlatforms) = preSolution
		Debug|Any CPU = Debug|Any CPU
		Release|Any CPU = Release|Any CPU
	EndGlobalSection
	GlobalSection(ProjectConfigurationPlatforms) = postSolution
		{21EAE4A6-F2AD-40A0-A69F-4FCDDC093499}.Debug|Any CPU.ActiveCfg = Debug|Any CPU
		{21EAE4A6-F2AD-40A0-A69F-4FCDDC093499}.Debug|Any CPU.Build.0 = Debug|Any CPU
		{21EAE4A6-F2AD-40A0-A69F-4FCDDC093499}.Release|Any CPU.ActiveCfg = Release|Any CPU
		{21EAE4A6-F2AD-40A0-A69F-4FCDDC093499}.Release|Any CPU.Build.0 = Release|Any CPU
	EndGlobalSection
	GlobalSection(SolutionProperties) = preSolution
		HideSolutionNode = FALSE
	EndGlobalSection
	GlobalSection(NestedProjects) = preSolution
		{21EAE4A6-F2AD-40A0-A69F-4FCDDC093499} = {3936AC97-5FF4-46B1-95ED-E65C2DD5FCCE}
	EndGlobalSection
EndGlobal
